
Microsoft Visual Studio Solution File, Format Version 12.00
# Visual Studio Version 17
VisualStudioVersion = 17.6.33712.159
MinimumVisualStudioVersion = 10.0.40219.1
Project("{FAE04EC0-301F-11D3-BF4B-00C04F79EFBC}") = "NeighbourApi", "NeighbourApi.csproj", "{31034F11-FB29-4DAC-A62F-5605E3903372}"
EndProject
Global
	GlobalSection(SolutionConfigurationPlatforms) = preSolution
		Debug|Any CPU = Debug|Any CPU
		Release|Any CPU = Release|Any CPU
	EndGlobalSection
	GlobalSection(ProjectConfigurationPlatforms) = postSolution
		{31034F11-FB29-4DAC-A62F-5605E3903372}.Debug|Any CPU.ActiveCfg = Debug|Any CPU
		{31034F11-FB29-4DAC-A62F-5605E3903372}.Debug|Any CPU.Build.0 = Debug|Any CPU
		{31034F11-FB29-4DAC-A62F-5605E3903372}.Release|Any CPU.ActiveCfg = Release|Any CPU
		{31034F11-FB29-4DAC-A62F-5605E3903372}.Release|Any CPU.Build.0 = Release|Any CPU
	EndGlobalSection
	GlobalSection(SolutionProperties) = preSolution
		HideSolutionNode = FALSE
	EndGlobalSection
	GlobalSection(ExtensibilityGlobals) = postSolution
		SolutionGuid = {26E6FE49-3FC0-4BAD-AAED-9B5082F9A035}
	EndGlobalSection
EndGlobal
